{
  "name": "antnodejs",
  "version": "1.0.0",
  "lockfileVersion": 1,
  "requires": true,
  "dependencies": {
    "canvas": {
      "version": "1.6.11",
      "resolved": "https://registry.npmjs.org/canvas/-/canvas-1.6.11.tgz",
      "integrity": "sha512-ElVw5Uk8PReGpzXfDg6PDa+wntnZLGWWfdSHI0Pc8GyXiFbW13drSTzWU6C4E5QylHe+FnLqI7ngMRlp3eGZIQ==",
      "requires": {
        "nan": "2.10.0"
      }
    },
    "circular-json": {
      "version": "0.5.4",
      "resolved": "https://registry.npmjs.org/circular-json/-/circular-json-0.5.4.tgz",
      "integrity": "sha512-vnJA8KS0BfOihugYEUkLRcnmq21FbuivbxgzDLXNs3zIk4KllV4Mx4UuTzBXht9F00C7QfD1YqMXg1zP6EXpig=="
    },
    "nan": {
      "version": "2.10.0",
      "resolved": "https://registry.npmjs.org/nan/-/nan-2.10.0.tgz",
      "integrity": "sha512-bAdJv7fBLhWC+/Bls0Oza+mvTaNQtP+1RyhhhvD95pgUJz6XM5IzgmxOkItJ9tkoCiplvAnXI1tNmmUD/eScyA=="
    }
  }
}
